
Microsoft Visual Studio Solution File, Format Version 12.00
# Visual Studio Version 16
VisualStudioVersion = 16.0.30523.141
MinimumVisualStudioVersion = 10.0.40219.1
Project("{FAE04EC0-301F-11D3-BF4B-00C04F79EFBC}") = "ASS2", "ASS2\ASS2.csproj", "{70AC8E98-B348-4ADF-85EE-5DAB85F124F7}"
EndProject
Project("{FAE04EC0-301F-11D3-BF4B-00C04F79EFBC}") = "ASS2_WF", "ASS2_WF\ASS2_WF.csproj", "{E70CD823-02D6-4B7F-BE53-64F5209A5865}"
EndProject
Project("{FAE04EC0-301F-11D3-BF4B-00C04F79EFBC}") = "ASS2WEB", "ASS2WEB\ASS2WEB.csproj", "{75E653EF-3CFF-4166-AA0D-A0CE90FDFB4A}"
EndProject
Global
	GlobalSection(SolutionConfigurationPlatforms) = preSolution
		Debug|Any CPU = Debug|Any CPU
		Release|Any CPU = Release|Any CPU
	EndGlobalSection
	GlobalSection(ProjectConfigurationPlatforms) = postSolution
		{70AC8E98-B348-4ADF-85EE-5DAB85F124F7}.Debug|Any CPU.ActiveCfg = Debug|Any CPU
		{70AC8E98-B348-4ADF-85EE-5DAB85F124F7}.Debug|Any CPU.Build.0 = Debug|Any CPU
		{70AC8E98-B348-4ADF-85EE-5DAB85F124F7}.Release|Any CPU.ActiveCfg = Release|Any CPU
		{70AC8E98-B348-4ADF-85EE-5DAB85F124F7}.Release|Any CPU.Build.0 = Release|Any CPU
		{E70CD823-02D6-4B7F-BE53-64F5209A5865}.Debug|Any CPU.ActiveCfg = Debug|Any CPU
		{E70CD823-02D6-4B7F-BE53-64F5209A5865}.Debug|Any CPU.Build.0 = Debug|Any CPU
		{E70CD823-02D6-4B7F-BE53-64F5209A5865}.Release|Any CPU.ActiveCfg = Release|Any CPU
		{E70CD823-02D6-4B7F-BE53-64F5209A5865}.Release|Any CPU.Build.0 = Release|Any CPU
		{75E653EF-3CFF-4166-AA0D-A0CE90FDFB4A}.Debug|Any CPU.ActiveCfg = Debug|Any CPU
		{75E653EF-3CFF-4166-AA0D-A0CE90FDFB4A}.Debug|Any CPU.Build.0 = Debug|Any CPU
		{75E653EF-3CFF-4166-AA0D-A0CE90FDFB4A}.Release|Any CPU.ActiveCfg = Release|Any CPU
		{75E653EF-3CFF-4166-AA0D-A0CE90FDFB4A}.Release|Any CPU.Build.0 = Release|Any CPU
	EndGlobalSection
	GlobalSection(SolutionProperties) = preSolution
		HideSolutionNode = FALSE
	EndGlobalSection
	GlobalSection(ExtensibilityGlobals) = postSolution
		SolutionGuid = {BB7E3307-BA1E-407B-969D-C8E2D9B7D184}
	EndGlobalSection
EndGlobal
